
Microsoft Visual Studio Solution File, Format Version 12.00
# Visual Studio Version 17
VisualStudioVersion = 17.8.34330.188
MinimumVisualStudioVersion = 10.0.40219.1
Project("{9A19103F-16F7-4668-BE54-9A1E7A4F7556}") = "Project_MLD", "Project_MLD.csproj", "{C067AB04-BC09-452C-9C08-AD6331554C15}"
EndProject
Project("{9A19103F-16F7-4668-BE54-9A1E7A4F7556}") = "TestProject1", "..\TestProject1\TestProject1.csproj", "{7CE81D94-F90A-451C-AAF8-9E964978091A}"
EndProject
Global
	GlobalSection(SolutionConfigurationPlatforms) = preSolution
		Debug|Any CPU = Debug|Any CPU
		Release|Any CPU = Release|Any CPU
	EndGlobalSection
	GlobalSection(ProjectConfigurationPlatforms) = postSolution
		{C067AB04-BC09-452C-9C08-AD6331554C15}.Debug|Any CPU.ActiveCfg = Debug|Any CPU
		{C067AB04-BC09-452C-9C08-AD6331554C15}.Debug|Any CPU.Build.0 = Debug|Any CPU
		{C067AB04-BC09-452C-9C08-AD6331554C15}.Release|Any CPU.ActiveCfg = Release|Any CPU
		{C067AB04-BC09-452C-9C08-AD6331554C15}.Release|Any CPU.Build.0 = Release|Any CPU
		{7CE81D94-F90A-451C-AAF8-9E964978091A}.Debug|Any CPU.ActiveCfg = Debug|Any CPU
		{7CE81D94-F90A-451C-AAF8-9E964978091A}.Debug|Any CPU.Build.0 = Debug|Any CPU
		{7CE81D94-F90A-451C-AAF8-9E964978091A}.Release|Any CPU.ActiveCfg = Release|Any CPU
		{7CE81D94-F90A-451C-AAF8-9E964978091A}.Release|Any CPU.Build.0 = Release|Any CPU
	EndGlobalSection
	GlobalSection(SolutionProperties) = preSolution
		HideSolutionNode = FALSE
	EndGlobalSection
	GlobalSection(ExtensibilityGlobals) = postSolution
		SolutionGuid = {8F7221DB-755F-4CD3-AB2D-28C260816F98}
	EndGlobalSection
EndGlobal
